
Microsoft Visual Studio Solution File, Format Version 12.00
# Visual Studio Version 16
VisualStudioVersion = 16.0.30717.126
MinimumVisualStudioVersion = 10.0.40219.1
Project("{FAE04EC0-301F-11D3-BF4B-00C04F79EFBC}") = "SeaDataProcess", "SeaDataProcess\SeaDataProcess.csproj", "{167532B9-4D83-4FC3-9F27-BA729BBBA51E}"
EndProject
Project("{FAE04EC0-301F-11D3-BF4B-00C04F79EFBC}") = "SeaDataProcess.Data", "SeaDataProcessData\SeaDataProcess.Data.csproj", "{D83082BF-B678-4EF8-A461-4DAE29A667FC}"
EndProject
Project("{FAE04EC0-301F-11D3-BF4B-00C04F79EFBC}") = "SeaDataProcess.Service", "SeaDataService\SeaDataProcess.Service.csproj", "{0B28D9F1-46B0-42D3-BFFF-9853162E6AEA}"
EndProject
Project("{FAE04EC0-301F-11D3-BF4B-00C04F79EFBC}") = "SeaDataProcess.ServiceTests", "SeaDataProcess.ServiceTests\SeaDataProcess.ServiceTests.csproj", "{6F68C2C8-FBB1-4809-A0F4-584DF9E63189}"
EndProject
Project("{FAE04EC0-301F-11D3-BF4B-00C04F79EFBC}") = "ManagementComputerInfo", "ManagementComputerInfo\ManagementComputerInfo.csproj", "{1525E2C9-30C4-4A42-8F08-C4EC7145A8FC}"
EndProject
Project("{FAE04EC0-301F-11D3-BF4B-00C04F79EFBC}") = "GenerateRegisterCode", "GenerateRegisterCode\GenerateRegisterCode.csproj", "{DBDF77B6-9E27-4F62-A441-0FE451B97FA4}"
EndProject
Global
	GlobalSection(SolutionConfigurationPlatforms) = preSolution
		Debug|Any CPU = Debug|Any CPU
		Release|Any CPU = Release|Any CPU
	EndGlobalSection
	GlobalSection(ProjectConfigurationPlatforms) = postSolution
		{167532B9-4D83-4FC3-9F27-BA729BBBA51E}.Debug|Any CPU.ActiveCfg = Debug|Any CPU
		{167532B9-4D83-4FC3-9F27-BA729BBBA51E}.Debug|Any CPU.Build.0 = Debug|Any CPU
		{167532B9-4D83-4FC3-9F27-BA729BBBA51E}.Release|Any CPU.ActiveCfg = Release|Any CPU
		{167532B9-4D83-4FC3-9F27-BA729BBBA51E}.Release|Any CPU.Build.0 = Release|Any CPU
		{D83082BF-B678-4EF8-A461-4DAE29A667FC}.Debug|Any CPU.ActiveCfg = Debug|Any CPU
		{D83082BF-B678-4EF8-A461-4DAE29A667FC}.Debug|Any CPU.Build.0 = Debug|Any CPU
		{D83082BF-B678-4EF8-A461-4DAE29A667FC}.Release|Any CPU.ActiveCfg = Release|Any CPU
		{D83082BF-B678-4EF8-A461-4DAE29A667FC}.Release|Any CPU.Build.0 = Release|Any CPU
		{0B28D9F1-46B0-42D3-BFFF-9853162E6AEA}.Debug|Any CPU.ActiveCfg = Debug|Any CPU
		{0B28D9F1-46B0-42D3-BFFF-9853162E6AEA}.Debug|Any CPU.Build.0 = Debug|Any CPU
		{0B28D9F1-46B0-42D3-BFFF-9853162E6AEA}.Release|Any CPU.ActiveCfg = Release|Any CPU
		{0B28D9F1-46B0-42D3-BFFF-9853162E6AEA}.Release|Any CPU.Build.0 = Release|Any CPU
		{6F68C2C8-FBB1-4809-A0F4-584DF9E63189}.Debug|Any CPU.ActiveCfg = Debug|Any CPU
		{6F68C2C8-FBB1-4809-A0F4-584DF9E63189}.Debug|Any CPU.Build.0 = Debug|Any CPU
		{6F68C2C8-FBB1-4809-A0F4-584DF9E63189}.Release|Any CPU.ActiveCfg = Release|Any CPU
		{6F68C2C8-FBB1-4809-A0F4-584DF9E63189}.Release|Any CPU.Build.0 = Release|Any CPU
		{1525E2C9-30C4-4A42-8F08-C4EC7145A8FC}.Debug|Any CPU.ActiveCfg = Debug|Any CPU
		{1525E2C9-30C4-4A42-8F08-C4EC7145A8FC}.Debug|Any CPU.Build.0 = Debug|Any CPU
		{1525E2C9-30C4-4A42-8F08-C4EC7145A8FC}.Release|Any CPU.ActiveCfg = Release|Any CPU
		{1525E2C9-30C4-4A42-8F08-C4EC7145A8FC}.Release|Any CPU.Build.0 = Release|Any CPU
		{DBDF77B6-9E27-4F62-A441-0FE451B97FA4}.Debug|Any CPU.ActiveCfg = Debug|Any CPU
		{DBDF77B6-9E27-4F62-A441-0FE451B97FA4}.Debug|Any CPU.Build.0 = Debug|Any CPU
		{DBDF77B6-9E27-4F62-A441-0FE451B97FA4}.Release|Any CPU.ActiveCfg = Release|Any CPU
		{DBDF77B6-9E27-4F62-A441-0FE451B97FA4}.Release|Any CPU.Build.0 = Release|Any CPU
	EndGlobalSection
	GlobalSection(SolutionProperties) = preSolution
		HideSolutionNode = FALSE
	EndGlobalSection
	GlobalSection(ExtensibilityGlobals) = postSolution
		SolutionGuid = {30CEBB4E-050D-44C0-BCF7-27A4250B666F}
	EndGlobalSection
EndGlobal
